Microsoft Visual Studio Solution File, Format Version 12.00
# Visual Studio Version 17
VisualStudioVersion = 17.5.2.0
MinimumVisualStudioVersion = 10.0.40219.1
Project("{2150E333-8FDC-42A3-9474-1A3956D46DE8}") = "apis", "apis", "{A493B712-D036-515A-2346-D66A3A2D9736}"
EndProject
Project("{FAE04EC0-301F-11D3-BF4B-00C04F79EFBC}") = "API.Auth", "apis\API.Auth\API.Auth.csproj", "{66274378-DAC5-C3DF-FEFE-814E4486017E}"
EndProject
Global
	GlobalSection(SolutionConfigurationPlatforms) = preSolution
		Debug|Any CPU = Debug|Any CPU
		Release|Any CPU = Release|Any CPU
	EndGlobalSection
	GlobalSection(ProjectConfigurationPlatforms) = postSolution
		{66274378-DAC5-C3DF-FEFE-814E4486017E}.Debug|Any CPU.ActiveCfg = Debug|Any CPU
		{66274378-DAC5-C3DF-FEFE-814E4486017E}.Debug|Any CPU.Build.0 = Debug|Any CPU
		{66274378-DAC5-C3DF-FEFE-814E4486017E}.Release|Any CPU.ActiveCfg = Release|Any CPU
		{66274378-DAC5-C3DF-FEFE-814E4486017E}.Release|Any CPU.Build.0 = Release|Any CPU
	EndGlobalSection
	GlobalSection(SolutionProperties) = preSolution
		HideSolutionNode = FALSE
	EndGlobalSection
	GlobalSection(NestedProjects) = preSolution
		{66274378-DAC5-C3DF-FEFE-814E4486017E} = {A493B712-D036-515A-2346-D66A3A2D9736}
	EndGlobalSection
	GlobalSection(ExtensibilityGlobals) = postSolution
		SolutionGuid = {F8DCC944-F62B-4EF5-8780-32FCD8DA33E8}
	EndGlobalSection
EndGlobal
